
Microsoft Visual Studio Solution File, Format Version 12.00
# Visual Studio Version 17
VisualStudioVersion = 17.3.32901.215
MinimumVisualStudioVersion = 10.0.40219.1
Project("{FAE04EC0-301F-11D3-BF4B-00C04F79EFBC}") = "CV Write", "CV Write\CV Write.csproj", "{4EF5D1FC-99BA-4ECF-A8AD-8273C113C227}"
EndProject
Global
	GlobalSection(SolutionConfigurationPlatforms) = preSolution
		Debug|Any CPU = Debug|Any CPU
		Release|Any CPU = Release|Any CPU
	EndGlobalSection
	GlobalSection(ProjectConfigurationPlatforms) = postSolution
		{4EF5D1FC-99BA-4ECF-A8AD-8273C113C227}.Debug|Any CPU.ActiveCfg = Debug|Any CPU
		{4EF5D1FC-99BA-4ECF-A8AD-8273C113C227}.Debug|Any CPU.Build.0 = Debug|Any CPU
		{4EF5D1FC-99BA-4ECF-A8AD-8273C113C227}.Release|Any CPU.ActiveCfg = Release|Any CPU
		{4EF5D1FC-99BA-4ECF-A8AD-8273C113C227}.Release|Any CPU.Build.0 = Release|Any CPU
	EndGlobalSection
	GlobalSection(SolutionProperties) = preSolution
		HideSolutionNode = FALSE
	EndGlobalSection
	GlobalSection(ExtensibilityGlobals) = postSolution
		SolutionGuid = {DDC7CF23-B5C5-4B3C-A555-510B8833530D}
	EndGlobalSection
EndGlobal
